
Microsoft Visual Studio Solution File, Format Version 12.00
# Visual Studio Version 17
VisualStudioVersion = 17.5.33516.290
MinimumVisualStudioVersion = 10.0.40219.1
Project("{9A19103F-16F7-4668-BE54-9A1E7A4F7556}") = "Bingo", "Bingo.csproj", "{5A6F658E-CF31-4F6D-93B0-97F10DFC0957}"
EndProject
Project("{9A19103F-16F7-4668-BE54-9A1E7A4F7556}") = "BingoDAL", "..\BingoDAL\BingoDAL.csproj", "{85EE37CC-D947-4454-8E73-162444395D88}"
EndProject
Project("{9A19103F-16F7-4668-BE54-9A1E7A4F7556}") = "BingoCore", "..\BingoEngine\BingoCore.csproj", "{0C0F66CF-CEFE-4D58-9D65-1AF2CFBB8755}"
EndProject
Project("{9A19103F-16F7-4668-BE54-9A1E7A4F7556}") = "BingoModels", "..\BingoModels\BingoModels.csproj", "{EFD94E0A-2CDD-476E-9695-BE4AD4285C5C}"
EndProject
Project("{9A19103F-16F7-4668-BE54-9A1E7A4F7556}") = "BingoServices", "..\BingoService\BingoServices.csproj", "{D7A61F64-F749-4F2B-96B9-7EB65477077A}"
EndProject
Project("{FAE04EC0-301F-11D3-BF4B-00C04F79EFBC}") = "BingoMSTests", "..\BingoMSTests\BingoMSTests.csproj", "{94A27DCA-5C4F-43E3-80D4-154DE9D597C3}"
EndProject
Global
	GlobalSection(SolutionConfigurationPlatforms) = preSolution
		Debug|Any CPU = Debug|Any CPU
		Release|Any CPU = Release|Any CPU
	EndGlobalSection
	GlobalSection(ProjectConfigurationPlatforms) = postSolution
		{5A6F658E-CF31-4F6D-93B0-97F10DFC0957}.Debug|Any CPU.ActiveCfg = Debug|Any CPU
		{5A6F658E-CF31-4F6D-93B0-97F10DFC0957}.Debug|Any CPU.Build.0 = Debug|Any CPU
		{5A6F658E-CF31-4F6D-93B0-97F10DFC0957}.Release|Any CPU.ActiveCfg = Release|Any CPU
		{5A6F658E-CF31-4F6D-93B0-97F10DFC0957}.Release|Any CPU.Build.0 = Release|Any CPU
		{85EE37CC-D947-4454-8E73-162444395D88}.Debug|Any CPU.ActiveCfg = Debug|Any CPU
		{85EE37CC-D947-4454-8E73-162444395D88}.Debug|Any CPU.Build.0 = Debug|Any CPU
		{85EE37CC-D947-4454-8E73-162444395D88}.Release|Any CPU.ActiveCfg = Release|Any CPU
		{85EE37CC-D947-4454-8E73-162444395D88}.Release|Any CPU.Build.0 = Release|Any CPU
		{0C0F66CF-CEFE-4D58-9D65-1AF2CFBB8755}.Debug|Any CPU.ActiveCfg = Debug|Any CPU
		{0C0F66CF-CEFE-4D58-9D65-1AF2CFBB8755}.Debug|Any CPU.Build.0 = Debug|Any CPU
		{0C0F66CF-CEFE-4D58-9D65-1AF2CFBB8755}.Release|Any CPU.ActiveCfg = Release|Any CPU
		{0C0F66CF-CEFE-4D58-9D65-1AF2CFBB8755}.Release|Any CPU.Build.0 = Release|Any CPU
		{EFD94E0A-2CDD-476E-9695-BE4AD4285C5C}.Debug|Any CPU.ActiveCfg = Debug|Any CPU
		{EFD94E0A-2CDD-476E-9695-BE4AD4285C5C}.Debug|Any CPU.Build.0 = Debug|Any CPU
		{EFD94E0A-2CDD-476E-9695-BE4AD4285C5C}.Release|Any CPU.ActiveCfg = Release|Any CPU
		{EFD94E0A-2CDD-476E-9695-BE4AD4285C5C}.Release|Any CPU.Build.0 = Release|Any CPU
		{D7A61F64-F749-4F2B-96B9-7EB65477077A}.Debug|Any CPU.ActiveCfg = Debug|Any CPU
		{D7A61F64-F749-4F2B-96B9-7EB65477077A}.Debug|Any CPU.Build.0 = Debug|Any CPU
		{D7A61F64-F749-4F2B-96B9-7EB65477077A}.Release|Any CPU.ActiveCfg = Release|Any CPU
		{D7A61F64-F749-4F2B-96B9-7EB65477077A}.Release|Any CPU.Build.0 = Release|Any CPU
		{94A27DCA-5C4F-43E3-80D4-154DE9D597C3}.Debug|Any CPU.ActiveCfg = Debug|Any CPU
		{94A27DCA-5C4F-43E3-80D4-154DE9D597C3}.Debug|Any CPU.Build.0 = Debug|Any CPU
		{94A27DCA-5C4F-43E3-80D4-154DE9D597C3}.Release|Any CPU.ActiveCfg = Release|Any CPU
		{94A27DCA-5C4F-43E3-80D4-154DE9D597C3}.Release|Any CPU.Build.0 = Release|Any CPU
	EndGlobalSection
	GlobalSection(SolutionProperties) = preSolution
		HideSolutionNode = FALSE
	EndGlobalSection
	GlobalSection(ExtensibilityGlobals) = postSolution
		SolutionGuid = {525DFFFB-B2A5-47BF-9F5C-D9A85E79E429}
	EndGlobalSection
EndGlobal
